
Microsoft Visual Studio Solution File, Format Version 12.00
# Visual Studio 15
VisualStudioVersion = 15.0.28307.168
MinimumVisualStudioVersion = 10.0.40219.1
Project("{FAE04EC0-301F-11D3-BF4B-00C04F79EFBC}") = "Mass", "Mass\Mass.csproj", "{83C5DB10-ED5F-4087-B04F-545C7C5FEA81}"
EndProject
Global
	GlobalSection(SolutionConfigurationPlatforms) = preSolution
		Debug|Any CPU = Debug|Any CPU
		Release|Any CPU = Release|Any CPU
	EndGlobalSection
	GlobalSection(ProjectConfigurationPlatforms) = postSolution
		{83C5DB10-ED5F-4087-B04F-545C7C5FEA81}.Debug|Any CPU.ActiveCfg = Debug|Any CPU
		{83C5DB10-ED5F-4087-B04F-545C7C5FEA81}.Debug|Any CPU.Build.0 = Debug|Any CPU
		{83C5DB10-ED5F-4087-B04F-545C7C5FEA81}.Release|Any CPU.ActiveCfg = Release|Any CPU
		{83C5DB10-ED5F-4087-B04F-545C7C5FEA81}.Release|Any CPU.Build.0 = Release|Any CPU
	EndGlobalSection
	GlobalSection(SolutionProperties) = preSolution
		HideSolutionNode = FALSE
	EndGlobalSection
	GlobalSection(ExtensibilityGlobals) = postSolution
		SolutionGuid = {F7FC36AC-68ED-40B7-96D3-0068C76E4642}
	EndGlobalSection
EndGlobal
